
Microsoft Visual Studio Solution File, Format Version 12.00
# Visual Studio Version 17
VisualStudioVersion = 17.5.33530.505
MinimumVisualStudioVersion = 10.0.40219.1
Project("{FAE04EC0-301F-11D3-BF4B-00C04F79EFBC}") = "PART 4", "PART 4\PART 4.csproj", "{F9D5E750-6FA5-4693-BBD9-A30B30C1F4F9}"
EndProject
Project("{FAE04EC0-301F-11D3-BF4B-00C04F79EFBC}") = "PART 4Tests", "PART 4Tests\PART 4Tests.csproj", "{E30C44D6-F2E9-4A55-B7C0-3F081937486C}"
EndProject
Global
	GlobalSection(SolutionConfigurationPlatforms) = preSolution
		Debug|Any CPU = Debug|Any CPU
		Release|Any CPU = Release|Any CPU
	EndGlobalSection
	GlobalSection(ProjectConfigurationPlatforms) = postSolution
		{F9D5E750-6FA5-4693-BBD9-A30B30C1F4F9}.Debug|Any CPU.ActiveCfg = Debug|Any CPU
		{F9D5E750-6FA5-4693-BBD9-A30B30C1F4F9}.Debug|Any CPU.Build.0 = Debug|Any CPU
		{F9D5E750-6FA5-4693-BBD9-A30B30C1F4F9}.Release|Any CPU.ActiveCfg = Release|Any CPU
		{F9D5E750-6FA5-4693-BBD9-A30B30C1F4F9}.Release|Any CPU.Build.0 = Release|Any CPU
		{E30C44D6-F2E9-4A55-B7C0-3F081937486C}.Debug|Any CPU.ActiveCfg = Debug|Any CPU
		{E30C44D6-F2E9-4A55-B7C0-3F081937486C}.Debug|Any CPU.Build.0 = Debug|Any CPU
		{E30C44D6-F2E9-4A55-B7C0-3F081937486C}.Release|Any CPU.ActiveCfg = Release|Any CPU
		{E30C44D6-F2E9-4A55-B7C0-3F081937486C}.Release|Any CPU.Build.0 = Release|Any CPU
	EndGlobalSection
	GlobalSection(SolutionProperties) = preSolution
		HideSolutionNode = FALSE
	EndGlobalSection
	GlobalSection(ExtensibilityGlobals) = postSolution
		SolutionGuid = {AF9AE940-F223-4873-91DA-3354109018F4}
	EndGlobalSection
EndGlobal
