
Microsoft Visual Studio Solution File, Format Version 12.00
# Visual Studio Version 17
VisualStudioVersion = 17.4.33213.308
MinimumVisualStudioVersion = 10.0.40219.1
Project("{FAE04EC0-301F-11D3-BF4B-00C04F79EFBC}") = "PROG PART 1", "PROG PART 1\PROG PART 1.csproj", "{678F324D-F850-4683-AB73-2CEAFEA18127}"
EndProject
Global
	GlobalSection(SolutionConfigurationPlatforms) = preSolution
		Debug|Any CPU = Debug|Any CPU
		Release|Any CPU = Release|Any CPU
	EndGlobalSection
	GlobalSection(ProjectConfigurationPlatforms) = postSolution
		{678F324D-F850-4683-AB73-2CEAFEA18127}.Debug|Any CPU.ActiveCfg = Debug|Any CPU
		{678F324D-F850-4683-AB73-2CEAFEA18127}.Debug|Any CPU.Build.0 = Debug|Any CPU
		{678F324D-F850-4683-AB73-2CEAFEA18127}.Release|Any CPU.ActiveCfg = Release|Any CPU
		{678F324D-F850-4683-AB73-2CEAFEA18127}.Release|Any CPU.Build.0 = Release|Any CPU
	EndGlobalSection
	GlobalSection(SolutionProperties) = preSolution
		HideSolutionNode = FALSE
	EndGlobalSection
	GlobalSection(ExtensibilityGlobals) = postSolution
		SolutionGuid = {E4A42DC6-2172-463A-843C-66CABCAF9F79}
	EndGlobalSection
EndGlobal
